// !$*UTF8*$!
{
	archiveVersion = 1;
	classes = {
	};
	objectVersion = 50;
	objects = {

/* Begin PBXBuildFile section */
		177419802589890C00C733B9 /* AppDelegate.swift in Sources */ = {isa = PBXBuildFile; fileRef = 1774197F2589890C00C733B9 /* AppDelegate.swift */; };
		177419822589890C00C733B9 /* SceneDelegate.swift in Sources */ = {isa = PBXBuildFile; fileRef = 177419812589890C00C733B9 /* SceneDelegate.swift */; };
		177419842589890C00C733B9 /* FormViewController.swift in Sources */ = {isa = PBXBuildFile; fileRef = 177419832589890C00C733B9 /* FormViewController.swift */; };
		177419872589890C00C733B9 /* Main.storyboard in Resources */ = {isa = PBXBuildFile; fileRef = 177419852589890C00C733B9 /* Main.storyboard */; };
		177419892589890D00C733B9 /* Assets.xcassets in Resources */ = {isa = PBXBuildFile; fileRef = 177419882589890D00C733B9 /* Assets.xcassets */; };
		1774198C2589890D00C733B9 /* LaunchScreen.storyboard in Resources */ = {isa = PBXBuildFile; fileRef = 1774198A2589890D00C733B9 /* LaunchScreen.storyboard */; };
		1774199B25898BCA00C733B9 /* Pessoa.swift in Sources */ = {isa = PBXBuildFile; fileRef = 1774199A25898BCA00C733B9 /* Pessoa.swift */; };
		1774199F25898CF700C733B9 /* Cadastro.swift in Sources */ = {isa = PBXBuildFile; fileRef = 1774199E25898CF700C733B9 /* Cadastro.swift */; };
		177419A42589908700C733B9 /* TabelaViewController.swift in Sources */ = {isa = PBXBuildFile; fileRef = 177419A32589908700C733B9 /* TabelaViewController.swift */; };
/* End PBXBuildFile section */

/* Begin PBXFileReference section */
		1774197C2589890C00C733B9 /* Pessoas.app */ = {isa = PBXFileReference; explicitFileType = wrapper.application; includeInIndex = 0; path = Pessoas.app; sourceTree = BUILT_PRODUCTS_DIR; };
		1774197F2589890C00C733B9 /* AppDelegate.swift */ = {isa = PBXFileReference; lastKnownFileType = sourcecode.swift; path = AppDelegate.swift; sourceTree = "<group>"; };
		177419812589890C00C733B9 /* SceneDelegate.swift */ = {isa = PBXFileReference; lastKnownFileType = sourcecode.swift; path = SceneDelegate.swift; sourceTree = "<group>"; };
		177419832589890C00C733B9 /* FormViewController.swift */ = {isa = PBXFileReference; lastKnownFileType = sourcecode.swift; path = FormViewController.swift; sourceTree = "<group>"; };
		177419862589890C00C733B9 /* Base */ = {isa = PBXFileReference; lastKnownFileType = file.storyboard; name = Base; path = Base.lproj/Main.storyboard; sourceTree = "<group>"; };
		177419882589890D00C733B9 /* Assets.xcassets */ = {isa = PBXFileReference; lastKnownFileType = folder.assetcatalog; path = Assets.xcassets; sourceTree = "<group>"; };
		1774198B2589890D00C733B9 /* Base */ = {isa = PBXFileReference; lastKnownFileType = file.storyboard; name = Base; path = Base.lproj/LaunchScreen.storyboard; sourceTree = "<group>"; };
		1774198D2589890D00C733B9 /* Info.plist */ = {isa = PBXFileReference; lastKnownFileType = text.plist.xml; path = Info.plist; sourceTree = "<group>"; };
		1774199A25898BCA00C733B9 /* Pessoa.swift */ = {isa = PBXFileReference; lastKnownFileType = sourcecode.swift; path = Pessoa.swift; sourceTree = "<group>"; };
		1774199E25898CF700C733B9 /* Cadastro.swift */ = {isa = PBXFileReference; lastKnownFileType = sourcecode.swift; path = Cadastro.swift; sourceTree = "<group>"; };
		177419A32589908700C733B9 /* TabelaViewController.swift */ = {isa = PBXFileReference; lastKnownFileType = sourcecode.swift; path = TabelaViewController.swift; sourceTree = "<group>"; };
/* End PBXFileReference section */

/* Begin PBXFrameworksBuildPhase section */
		177419792589890C00C733B9 /* Frameworks */ = {
			isa = PBXFrameworksBuildPhase;
			buildActionMask = 2147483647;
			files = (
			);
			runOnlyForDeploymentPostprocessing = 0;
		};
/* End PBXFrameworksBuildPhase section */

/* Begin PBXGroup section */
		177419732589890C00C733B9 = {
			isa = PBXGroup;
			children = (
				1774197E2589890C00C733B9 /* Pessoas */,
				1774197D2589890C00C733B9 /* Products */,
			);
			sourceTree = "<group>";
		};
		1774197D2589890C00C733B9 /* Products */ = {
			isa = PBXGroup;
			children = (
				1774197C2589890C00C733B9 /* Pessoas.app */,
			);
			name = Products;
			sourceTree = "<group>";
		};
		1774197E2589890C00C733B9 /* Pessoas */ = {
			isa = PBXGroup;
			children = (
				1774199525898B4600C733B9 /* controller */,
				1774199825898B8D00C733B9 /* model */,
				1774199925898B9700C733B9 /* view */,
				1774197F2589890C00C733B9 /* AppDelegate.swift */,
				177419812589890C00C733B9 /* SceneDelegate.swift */,
				177419852589890C00C733B9 /* Main.storyboard */,
				177419882589890D00C733B9 /* Assets.xcassets */,
				1774198A2589890D00C733B9 /* LaunchScreen.storyboard */,
				1774198D2589890D00C733B9 /* Info.plist */,
			);
			path = Pessoas;
			sourceTree = "<group>";
		};
		1774199525898B4600C733B9 /* controller */ = {
			isa = PBXGroup;
			children = (
				177419832589890C00C733B9 /* FormViewController.swift */,
				177419A32589908700C733B9 /* TabelaViewController.swift */,
			);
			path = controller;
			sourceTree = "<group>";
		};
		1774199825898B8D00C733B9 /* model */ = {
			isa = PBXGroup;
			children = (
				1774199A25898BCA00C733B9 /* Pessoa.swift */,
				1774199E25898CF700C733B9 /* Cadastro.swift */,
			);
			path = model;
			sourceTree = "<group>";
		};
		1774199925898B9700C733B9 /* view */ = {
			isa = PBXGroup;
			children = (
			);
			path = view;
			sourceTree = "<group>";
		};
/* End PBXGroup section */

/* Begin PBXNativeTarget section */
		1774197B2589890C00C733B9 /* Pessoas */ = {
			isa = PBXNativeTarget;
			buildConfigurationList = 177419902589890D00C733B9 /* Build configuration list for PBXNativeTarget "Pessoas" */;
			buildPhases = (
				177419782589890C00C733B9 /* Sources */,
				177419792589890C00C733B9 /* Frameworks */,
				1774197A2589890C00C733B9 /* Resources */,
			);
			buildRules = (
			);
			dependencies = (
			);
			name = Pessoas;
			productName = Pessoas;
			productReference = 1774197C2589890C00C733B9 /* Pessoas.app */;
			productType = "com.apple.product-type.application";
		};
/* End PBXNativeTarget section */

/* Begin PBXProject section */
		177419742589890C00C733B9 /* Project object */ = {
			isa = PBXProject;
			attributes = {
				LastSwiftUpdateCheck = 1220;
				LastUpgradeCheck = 1220;
				TargetAttributes = {
					1774197B2589890C00C733B9 = {
						CreatedOnToolsVersion = 12.2;
					};
				};
			};
			buildConfigurationList = 177419772589890C00C733B9 /* Build configuration list for PBXProject "Pessoas" */;
			compatibilityVersion = "Xcode 9.3";
			developmentRegion = en;
			hasScannedForEncodings = 0;
			knownRegions = (
				en,
				Base,
			);
			mainGroup = 177419732589890C00C733B9;
			productRefGroup = 1774197D2589890C00C733B9 /* Products */;
			projectDirPath = "";
			projectRoot = "";
			targets = (
				1774197B2589890C00C733B9 /* Pessoas */,
			);
		};
/* End PBXProject section */

/* Begin PBXResourcesBuildPhase section */
		1774197A2589890C00C733B9 /* Resources */ = {
			isa = PBXResourcesBuildPhase;
			buildActionMask = 2147483647;
			files = (
				1774198C2589890D00C733B9 /* LaunchScreen.storyboard in Resources */,
				177419892589890D00C733B9 /* Assets.xcassets in Resources */,
				177419872589890C00C733B9 /* Main.storyboard in Resources */,
			);
			runOnlyForDeploymentPostprocessing = 0;
		};
/* End PBXResourcesBuildPhase section */

/* Begin PBXSourcesBuildPhase section */
		177419782589890C00C733B9 /* Sources */ = {
			isa = PBXSourcesBuildPhase;
			buildActionMask = 2147483647;
			files = (
				177419842589890C00C733B9 /* FormViewController.swift in Sources */,
				1774199F25898CF700C733B9 /* Cadastro.swift in Sources */,
				177419802589890C00C733B9 /* AppDelegate.swift in Sources */,
				177419A42589908700C733B9 /* TabelaViewController.swift in Sources */,
				1774199B25898BCA00C733B9 /* Pessoa.swift in Sources */,
				177419822589890C00C733B9 /* SceneDelegate.swift in Sources */,
			);
			runOnlyForDeploymentPostprocessing = 0;
		};
/* End PBXSourcesBuildPhase section */

/* Begin PBXVariantGroup section */
		177419852589890C00C733B9 /* Main.storyboard */ = {
			isa = PBXVariantGroup;
			children = (
				177419862589890C00C733B9 /* Base */,
			);
			name = Main.storyboard;
			sourceTree = "<group>";
		};
		1774198A2589890D00C733B9 /* LaunchScreen.storyboard */ = {
			isa = PBXVariantGroup;
			children = (
				1774198B2589890D00C733B9 /* Base */,
			);
			name = LaunchScreen.storyboard;
			sourceTree = "<group>";
		};
/* End PBXVariantGroup section */

/* Begin XCBuildConfiguration section */
		1774198E2589890D00C733B9 /* Debug */ = {
			isa = XCBuildConfiguration;
			buildSettings = {
				ALWAYS_SEARCH_USER_PATHS = NO;
				CLANG_ANALYZER_NONNULL = YES;
				CLANG_ANALYZER_NUMBER_OBJECT_CONVERSION = YES_AGGRESSIVE;
				CLANG_CXX_LANGUAGE_STANDARD = "gnu++14";
				CLANG_CXX_LIBRARY = "libc++";
				CLANG_ENABLE_MODULES = YES;
				CLANG_ENABLE_OBJC_ARC = YES;
				CLANG_ENABLE_OBJC_WEAK = YES;
				CLANG_WARN_BLOCK_CAPTURE_AUTORELEASING = YES;
				CLANG_WARN_BOOL_CONVERSION = YES;
				CLANG_WARN_COMMA = YES;
				CLANG_WARN_CONSTANT_CONVERSION = YES;
				CLANG_WARN_DEPRECATED_OBJC_IMPLEMENTATIONS = YES;
				CLANG_WARN_DIRECT_OBJC_ISA_USAGE = YES_ERROR;
				CLANG_WARN_DOCUMENTATION_COMMENTS = YES;
				CLANG_WARN_EMPTY_BODY = YES;
				CLANG_WARN_ENUM_CONVERSION = YES;
				CLANG_WARN_INFINITE_RECURSION = YES;
				CLANG_WARN_INT_CONVERSION = YES;
				CLANG_WARN_NON_LITERAL_NULL_CONVERSION = YES;
				CLANG_WARN_OBJC_IMPLICIT_RETAIN_SELF = YES;
				CLANG_WARN_OBJC_LITERAL_CONVERSION = YES;
				CLANG_WARN_OBJC_ROOT_CLASS = YES_ERROR;
				CLANG_WARN_QUOTED_INCLUDE_IN_FRAMEWORK_HEADER = YES;
				CLANG_WARN_RANGE_LOOP_ANALYSIS = YES;
				CLANG_WARN_STRICT_PROTOTYPES = YES;
				CLANG_WARN_SUSPICIOUS_MOVE = YES;
				CLANG_WARN_UNGUARDED_AVAILABILITY = YES_AGGRESSIVE;
				CLANG_WARN_UNREACHABLE_CODE = YES;
				CLANG_WARN__DUPLICATE_METHOD_MATCH = YES;
				COPY_PHASE_STRIP = NO;
				DEBUG_INFORMATION_FORMAT = dwarf;
				ENABLE_STRICT_OBJC_MSGSEND = YES;
				ENABLE_TESTABILITY = YES;
				GCC_C_LANGUAGE_STANDARD = gnu11;
				GCC_DYNAMIC_NO_PIC = NO;
				GCC_NO_COMMON_BLOCKS = YES;
				GCC_OPTIMIZATION_LEVEL = 0;
				GCC_PREPROCESSOR_DEFINITIONS = (
					"DEBUG=1",
					"$(inherited)",
				);
				GCC_WARN_64_TO_32_BIT_CONVERSION = YES;
				GCC_WARN_ABOUT_RETURN_TYPE = YES_ERROR;
				GCC_WARN_UNDECLARED_SELECTOR = YES;
				GCC_WARN_UNINITIALIZED_AUTOS = YES_AGGRESSIVE;
				GCC_WARN_UNUSED_FUNCTION = YES;
				GCC_WARN_UNUSED_VARIABLE = YES;
				IPHONEOS_DEPLOYMENT_TARGET = 14.2;
				MTL_ENABLE_DEBUG_INFO = INCLUDE_SOURCE;
				MTL_FAST_MATH = YES;
				ONLY_ACTIVE_ARCH = YES;
				SDKROOT = iphoneos;
				SWIFT_ACTIVE_COMPILATION_CONDITIONS = DEBUG;
				SWIFT_OPTIMIZATION_LEVEL = "-Onone";
			};
			name = Debug;
		};
		1774198F2589890D00C733B9 /* Release */ = {
			isa = XCBuildConfiguration;
			buildSettings = {
				ALWAYS_SEARCH_USER_PATHS = NO;
				CLANG_ANALYZER_NONNULL = YES;
				CLANG_ANALYZER_NUMBER_OBJECT_CONVERSION = YES_AGGRESSIVE;
				CLANG_CXX_LANGUAGE_STANDARD = "gnu++14";
				CLANG_CXX_LIBRARY = "libc++";
				CLANG_ENABLE_MODULES = YES;
				CLANG_ENABLE_OBJC_ARC = YES;
				CLANG_ENABLE_OBJC_WEAK = YES;
				CLANG_WARN_BLOCK_CAPTURE_AUTORELEASING = YES;
				CLANG_WARN_BOOL_CONVERSION = YES;
				CLANG_WARN_COMMA = YES;
				CLANG_WARN_CONSTANT_CONVERSION = YES;
				CLANG_WARN_DEPRECATED_OBJC_IMPLEMENTATIONS = YES;
				CLANG_WARN_DIRECT_OBJC_ISA_USAGE = YES_ERROR;
				CLANG_WARN_DOCUMENTATION_COMMENTS = YES;
				CLANG_WARN_EMPTY_BODY = YES;
				CLANG_WARN_ENUM_CONVERSION = YES;
				CLANG_WARN_INFINITE_RECURSION = YES;
				CLANG_WARN_INT_CONVERSION = YES;
				CLANG_WARN_NON_LITERAL_NULL_CONVERSION = YES;
				CLANG_WARN_OBJC_IMPLICIT_RETAIN_SELF = YES;
				CLANG_WARN_OBJC_LITERAL_CONVERSION = YES;
				CLANG_WARN_OBJC_ROOT_CLASS = YES_ERROR;
				CLANG_WARN_QUOTED_INCLUDE_IN_FRAMEWORK_HEADER = YES;
				CLANG_WARN_RANGE_LOOP_ANALYSIS = YES;
				CLANG_WARN_STRICT_PROTOTYPES = YES;
				CLANG_WARN_SUSPICIOUS_MOVE = YES;
				CLANG_WARN_UNGUARDED_AVAILABILITY = YES_AGGRESSIVE;
				CLANG_WARN_UNREACHABLE_CODE = YES;
				CLANG_WARN__DUPLICATE_METHOD_MATCH = YES;
				COPY_PHASE_STRIP = NO;
				DEBUG_INFORMATION_FORMAT = "dwarf-with-dsym";
				ENABLE_NS_ASSERTIONS = NO;
				ENABLE_STRICT_OBJC_MSGSEND = YES;
				GCC_C_LANGUAGE_STANDARD = gnu11;
				GCC_NO_COMMON_BLOCKS = YES;
				GCC_WARN_64_TO_32_BIT_CONVERSION = YES;
				GCC_WARN_ABOUT_RETURN_TYPE = YES_ERROR;
				GCC_WARN_UNDECLARED_SELECTOR = YES;
				GCC_WARN_UNINITIALIZED_AUTOS = YES_AGGRESSIVE;
				GCC_WARN_UNUSED_FUNCTION = YES;
				GCC_WARN_UNUSED_VARIABLE = YES;
				IPHONEOS_DEPLOYMENT_TARGET = 14.2;
				MTL_ENABLE_DEBUG_INFO = NO;
				MTL_FAST_MATH = YES;
				SDKROOT = iphoneos;
				SWIFT_COMPILATION_MODE = wholemodule;
				SWIFT_OPTIMIZATION_LEVEL = "-O";
				VALIDATE_PRODUCT = YES;
			};
			name = Release;
		};
		177419912589890D00C733B9 /* Debug */ = {
			isa = XCBuildConfiguration;
			buildSettings = {
				ASSETCATALOG_COMPILER_APPICON_NAME = AppIcon;
				ASSETCATALOG_COMPILER_GLOBAL_ACCENT_COLOR_NAME = AccentColor;
				CODE_SIGN_STYLE = Automatic;
				INFOPLIST_FILE = Pessoas/Info.plist;
				LD_RUNPATH_SEARCH_PATHS = (
					"$(inherited)",
					"@executable_path/Frameworks",
				);
				PRODUCT_BUNDLE_IDENTIFIER = com.angeloplacebo.Pessoas;
				PRODUCT_NAME = "$(TARGET_NAME)";
				SWIFT_VERSION = 5.0;
				TARGETED_DEVICE_FAMILY = "1,2";
			};
			name = Debug;
		};
		177419922589890D00C733B9 /* Release */ = {
			isa = XCBuildConfiguration;
			buildSettings = {
				ASSETCATALOG_COMPILER_APPICON_NAME = AppIcon;
				ASSETCATALOG_COMPILER_GLOBAL_ACCENT_COLOR_NAME = AccentColor;
				CODE_SIGN_STYLE = Automatic;
				INFOPLIST_FILE = Pessoas/Info.plist;
				LD_RUNPATH_SEARCH_PATHS = (
					"$(inherited)",
					"@executable_path/Frameworks",
				);
				PRODUCT_BUNDLE_IDENTIFIER = com.angeloplacebo.Pessoas;
				PRODUCT_NAME = "$(TARGET_NAME)";
				SWIFT_VERSION = 5.0;
				TARGETED_DEVICE_FAMILY = "1,2";
			};
			name = Release;
		};
/* End XCBuildConfiguration section */

/* Begin XCConfigurationList section */
		177419772589890C00C733B9 /* Build configuration list for PBXProject "Pessoas" */ = {
			isa = XCConfigurationList;
			buildConfigurations = (
				1774198E2589890D00C733B9 /* Debug */,
				1774198F2589890D00C733B9 /* Release */,
			);
			defaultConfigurationIsVisible = 0;
			defaultConfigurationName = Release;
		};
		177419902589890D00C733B9 /* Build configuration list for PBXNativeTarget "Pessoas" */ = {
			isa = XCConfigurationList;
			buildConfigurations = (
				177419912589890D00C733B9 /* Debug */,
				177419922589890D00C733B9 /* Release */,
			);
			defaultConfigurationIsVisible = 0;
			defaultConfigurationName = Release;
		};
/* End XCConfigurationList section */
	};
	rootObject = 177419742589890C00C733B9 /* Project object */;
}
