// !$*UTF8*$!
{
	archiveVersion = 1;
	classes = {
	};
	objectVersion = 50;
	objects = {

/* Begin PBXBuildFile section */
		177A818F257D32CC002C307D /* AppDelegate.swift in Sources */ = {isa = PBXBuildFile; fileRef = 177A818E257D32CC002C307D /* AppDelegate.swift */; };
		177A8191257D32CC002C307D /* SceneDelegate.swift in Sources */ = {isa = PBXBuildFile; fileRef = 177A8190257D32CC002C307D /* SceneDelegate.swift */; };
		177A8193257D32CC002C307D /* TelaInicialViewController.swift in Sources */ = {isa = PBXBuildFile; fileRef = 177A8192257D32CC002C307D /* TelaInicialViewController.swift */; };
		177A8196257D32CC002C307D /* Main.storyboard in Resources */ = {isa = PBXBuildFile; fileRef = 177A8194257D32CC002C307D /* Main.storyboard */; };
		177A8198257D32CD002C307D /* Assets.xcassets in Resources */ = {isa = PBXBuildFile; fileRef = 177A8197257D32CD002C307D /* Assets.xcassets */; };
		177A819B257D32CD002C307D /* LaunchScreen.storyboard in Resources */ = {isa = PBXBuildFile; fileRef = 177A8199257D32CD002C307D /* LaunchScreen.storyboard */; };
		177A81A7257D37B4002C307D /* Tela2ViewController.swift in Sources */ = {isa = PBXBuildFile; fileRef = 177A81A6257D37B4002C307D /* Tela2ViewController.swift */; };
/* End PBXBuildFile section */

/* Begin PBXFileReference section */
		177A818B257D32CC002C307D /* navigationcontroler_App.app */ = {isa = PBXFileReference; explicitFileType = wrapper.application; includeInIndex = 0; path = navigationcontroler_App.app; sourceTree = BUILT_PRODUCTS_DIR; };
		177A818E257D32CC002C307D /* AppDelegate.swift */ = {isa = PBXFileReference; lastKnownFileType = sourcecode.swift; path = AppDelegate.swift; sourceTree = "<group>"; };
		177A8190257D32CC002C307D /* SceneDelegate.swift */ = {isa = PBXFileReference; lastKnownFileType = sourcecode.swift; path = SceneDelegate.swift; sourceTree = "<group>"; };
		177A8192257D32CC002C307D /* TelaInicialViewController.swift */ = {isa = PBXFileReference; lastKnownFileType = sourcecode.swift; path = TelaInicialViewController.swift; sourceTree = "<group>"; };
		177A8195257D32CC002C307D /* Base */ = {isa = PBXFileReference; lastKnownFileType = file.storyboard; name = Base; path = Base.lproj/Main.storyboard; sourceTree = "<group>"; };
		177A8197257D32CD002C307D /* Assets.xcassets */ = {isa = PBXFileReference; lastKnownFileType = folder.assetcatalog; path = Assets.xcassets; sourceTree = "<group>"; };
		177A819A257D32CD002C307D /* Base */ = {isa = PBXFileReference; lastKnownFileType = file.storyboard; name = Base; path = Base.lproj/LaunchScreen.storyboard; sourceTree = "<group>"; };
		177A819C257D32CD002C307D /* Info.plist */ = {isa = PBXFileReference; lastKnownFileType = text.plist.xml; path = Info.plist; sourceTree = "<group>"; };
		177A81A6257D37B4002C307D /* Tela2ViewController.swift */ = {isa = PBXFileReference; lastKnownFileType = sourcecode.swift; path = Tela2ViewController.swift; sourceTree = "<group>"; };
/* End PBXFileReference section */

/* Begin PBXFrameworksBuildPhase section */
		177A8188257D32CC002C307D /* Frameworks */ = {
			isa = PBXFrameworksBuildPhase;
			buildActionMask = 2147483647;
			files = (
			);
			runOnlyForDeploymentPostprocessing = 0;
		};
/* End PBXFrameworksBuildPhase section */

/* Begin PBXGroup section */
		177A8182257D32CC002C307D = {
			isa = PBXGroup;
			children = (
				177A818D257D32CC002C307D /* navigationcontroler_App */,
				177A818C257D32CC002C307D /* Products */,
			);
			sourceTree = "<group>";
		};
		177A818C257D32CC002C307D /* Products */ = {
			isa = PBXGroup;
			children = (
				177A818B257D32CC002C307D /* navigationcontroler_App.app */,
			);
			name = Products;
			sourceTree = "<group>";
		};
		177A818D257D32CC002C307D /* navigationcontroler_App */ = {
			isa = PBXGroup;
			children = (
				177A818E257D32CC002C307D /* AppDelegate.swift */,
				177A8190257D32CC002C307D /* SceneDelegate.swift */,
				177A8192257D32CC002C307D /* TelaInicialViewController.swift */,
				177A81A6257D37B4002C307D /* Tela2ViewController.swift */,
				177A8194257D32CC002C307D /* Main.storyboard */,
				177A8197257D32CD002C307D /* Assets.xcassets */,
				177A8199257D32CD002C307D /* LaunchScreen.storyboard */,
				177A819C257D32CD002C307D /* Info.plist */,
			);
			path = navigationcontroler_App;
			sourceTree = "<group>";
		};
/* End PBXGroup section */

/* Begin PBXNativeTarget section */
		177A818A257D32CC002C307D /* navigationcontroler_App */ = {
			isa = PBXNativeTarget;
			buildConfigurationList = 177A819F257D32CD002C307D /* Build configuration list for PBXNativeTarget "navigationcontroler_App" */;
			buildPhases = (
				177A8187257D32CC002C307D /* Sources */,
				177A8188257D32CC002C307D /* Frameworks */,
				177A8189257D32CC002C307D /* Resources */,
			);
			buildRules = (
			);
			dependencies = (
			);
			name = navigationcontroler_App;
			productName = navigationcontroler_App;
			productReference = 177A818B257D32CC002C307D /* navigationcontroler_App.app */;
			productType = "com.apple.product-type.application";
		};
/* End PBXNativeTarget section */

/* Begin PBXProject section */
		177A8183257D32CC002C307D /* Project object */ = {
			isa = PBXProject;
			attributes = {
				LastSwiftUpdateCheck = 1220;
				LastUpgradeCheck = 1220;
				TargetAttributes = {
					177A818A257D32CC002C307D = {
						CreatedOnToolsVersion = 12.2;
					};
				};
			};
			buildConfigurationList = 177A8186257D32CC002C307D /* Build configuration list for PBXProject "navigationcontroler_App" */;
			compatibilityVersion = "Xcode 9.3";
			developmentRegion = en;
			hasScannedForEncodings = 0;
			knownRegions = (
				en,
				Base,
			);
			mainGroup = 177A8182257D32CC002C307D;
			productRefGroup = 177A818C257D32CC002C307D /* Products */;
			projectDirPath = "";
			projectRoot = "";
			targets = (
				177A818A257D32CC002C307D /* navigationcontroler_App */,
			);
		};
/* End PBXProject section */

/* Begin PBXResourcesBuildPhase section */
		177A8189257D32CC002C307D /* Resources */ = {
			isa = PBXResourcesBuildPhase;
			buildActionMask = 2147483647;
			files = (
				177A819B257D32CD002C307D /* LaunchScreen.storyboard in Resources */,
				177A8198257D32CD002C307D /* Assets.xcassets in Resources */,
				177A8196257D32CC002C307D /* Main.storyboard in Resources */,
			);
			runOnlyForDeploymentPostprocessing = 0;
		};
/* End PBXResourcesBuildPhase section */

/* Begin PBXSourcesBuildPhase section */
		177A8187257D32CC002C307D /* Sources */ = {
			isa = PBXSourcesBuildPhase;
			buildActionMask = 2147483647;
			files = (
				177A8193257D32CC002C307D /* TelaInicialViewController.swift in Sources */,
				177A818F257D32CC002C307D /* AppDelegate.swift in Sources */,
				177A8191257D32CC002C307D /* SceneDelegate.swift in Sources */,
				177A81A7257D37B4002C307D /* Tela2ViewController.swift in Sources */,
			);
			runOnlyForDeploymentPostprocessing = 0;
		};
/* End PBXSourcesBuildPhase section */

/* Begin PBXVariantGroup section */
		177A8194257D32CC002C307D /* Main.storyboard */ = {
			isa = PBXVariantGroup;
			children = (
				177A8195257D32CC002C307D /* Base */,
			);
			name = Main.storyboard;
			sourceTree = "<group>";
		};
		177A8199257D32CD002C307D /* LaunchScreen.storyboard */ = {
			isa = PBXVariantGroup;
			children = (
				177A819A257D32CD002C307D /* Base */,
			);
			name = LaunchScreen.storyboard;
			sourceTree = "<group>";
		};
/* End PBXVariantGroup section */

/* Begin XCBuildConfiguration section */
		177A819D257D32CD002C307D /* Debug */ = {
			isa = XCBuildConfiguration;
			buildSettings = {
				ALWAYS_SEARCH_USER_PATHS = NO;
				CLANG_ANALYZER_NONNULL = YES;
				CLANG_ANALYZER_NUMBER_OBJECT_CONVERSION = YES_AGGRESSIVE;
				CLANG_CXX_LANGUAGE_STANDARD = "gnu++14";
				CLANG_CXX_LIBRARY = "libc++";
				CLANG_ENABLE_MODULES = YES;
				CLANG_ENABLE_OBJC_ARC = YES;
				CLANG_ENABLE_OBJC_WEAK = YES;
				CLANG_WARN_BLOCK_CAPTURE_AUTORELEASING = YES;
				CLANG_WARN_BOOL_CONVERSION = YES;
				CLANG_WARN_COMMA = YES;
				CLANG_WARN_CONSTANT_CONVERSION = YES;
				CLANG_WARN_DEPRECATED_OBJC_IMPLEMENTATIONS = YES;
				CLANG_WARN_DIRECT_OBJC_ISA_USAGE = YES_ERROR;
				CLANG_WARN_DOCUMENTATION_COMMENTS = YES;
				CLANG_WARN_EMPTY_BODY = YES;
				CLANG_WARN_ENUM_CONVERSION = YES;
				CLANG_WARN_INFINITE_RECURSION = YES;
				CLANG_WARN_INT_CONVERSION = YES;
				CLANG_WARN_NON_LITERAL_NULL_CONVERSION = YES;
				CLANG_WARN_OBJC_IMPLICIT_RETAIN_SELF = YES;
				CLANG_WARN_OBJC_LITERAL_CONVERSION = YES;
				CLANG_WARN_OBJC_ROOT_CLASS = YES_ERROR;
				CLANG_WARN_QUOTED_INCLUDE_IN_FRAMEWORK_HEADER = YES;
				CLANG_WARN_RANGE_LOOP_ANALYSIS = YES;
				CLANG_WARN_STRICT_PROTOTYPES = YES;
				CLANG_WARN_SUSPICIOUS_MOVE = YES;
				CLANG_WARN_UNGUARDED_AVAILABILITY = YES_AGGRESSIVE;
				CLANG_WARN_UNREACHABLE_CODE = YES;
				CLANG_WARN__DUPLICATE_METHOD_MATCH = YES;
				COPY_PHASE_STRIP = NO;
				DEBUG_INFORMATION_FORMAT = dwarf;
				ENABLE_STRICT_OBJC_MSGSEND = YES;
				ENABLE_TESTABILITY = YES;
				GCC_C_LANGUAGE_STANDARD = gnu11;
				GCC_DYNAMIC_NO_PIC = NO;
				GCC_NO_COMMON_BLOCKS = YES;
				GCC_OPTIMIZATION_LEVEL = 0;
				GCC_PREPROCESSOR_DEFINITIONS = (
					"DEBUG=1",
					"$(inherited)",
				);
				GCC_WARN_64_TO_32_BIT_CONVERSION = YES;
				GCC_WARN_ABOUT_RETURN_TYPE = YES_ERROR;
				GCC_WARN_UNDECLARED_SELECTOR = YES;
				GCC_WARN_UNINITIALIZED_AUTOS = YES_AGGRESSIVE;
				GCC_WARN_UNUSED_FUNCTION = YES;
				GCC_WARN_UNUSED_VARIABLE = YES;
				IPHONEOS_DEPLOYMENT_TARGET = 14.2;
				MTL_ENABLE_DEBUG_INFO = INCLUDE_SOURCE;
				MTL_FAST_MATH = YES;
				ONLY_ACTIVE_ARCH = YES;
				SDKROOT = iphoneos;
				SWIFT_ACTIVE_COMPILATION_CONDITIONS = DEBUG;
				SWIFT_OPTIMIZATION_LEVEL = "-Onone";
			};
			name = Debug;
		};
		177A819E257D32CD002C307D /* Release */ = {
			isa = XCBuildConfiguration;
			buildSettings = {
				ALWAYS_SEARCH_USER_PATHS = NO;
				CLANG_ANALYZER_NONNULL = YES;
				CLANG_ANALYZER_NUMBER_OBJECT_CONVERSION = YES_AGGRESSIVE;
				CLANG_CXX_LANGUAGE_STANDARD = "gnu++14";
				CLANG_CXX_LIBRARY = "libc++";
				CLANG_ENABLE_MODULES = YES;
				CLANG_ENABLE_OBJC_ARC = YES;
				CLANG_ENABLE_OBJC_WEAK = YES;
				CLANG_WARN_BLOCK_CAPTURE_AUTORELEASING = YES;
				CLANG_WARN_BOOL_CONVERSION = YES;
				CLANG_WARN_COMMA = YES;
				CLANG_WARN_CONSTANT_CONVERSION = YES;
				CLANG_WARN_DEPRECATED_OBJC_IMPLEMENTATIONS = YES;
				CLANG_WARN_DIRECT_OBJC_ISA_USAGE = YES_ERROR;
				CLANG_WARN_DOCUMENTATION_COMMENTS = YES;
				CLANG_WARN_EMPTY_BODY = YES;
				CLANG_WARN_ENUM_CONVERSION = YES;
				CLANG_WARN_INFINITE_RECURSION = YES;
				CLANG_WARN_INT_CONVERSION = YES;
				CLANG_WARN_NON_LITERAL_NULL_CONVERSION = YES;
				CLANG_WARN_OBJC_IMPLICIT_RETAIN_SELF = YES;
				CLANG_WARN_OBJC_LITERAL_CONVERSION = YES;
				CLANG_WARN_OBJC_ROOT_CLASS = YES_ERROR;
				CLANG_WARN_QUOTED_INCLUDE_IN_FRAMEWORK_HEADER = YES;
				CLANG_WARN_RANGE_LOOP_ANALYSIS = YES;
				CLANG_WARN_STRICT_PROTOTYPES = YES;
				CLANG_WARN_SUSPICIOUS_MOVE = YES;
				CLANG_WARN_UNGUARDED_AVAILABILITY = YES_AGGRESSIVE;
				CLANG_WARN_UNREACHABLE_CODE = YES;
				CLANG_WARN__DUPLICATE_METHOD_MATCH = YES;
				COPY_PHASE_STRIP = NO;
				DEBUG_INFORMATION_FORMAT = "dwarf-with-dsym";
				ENABLE_NS_ASSERTIONS = NO;
				ENABLE_STRICT_OBJC_MSGSEND = YES;
				GCC_C_LANGUAGE_STANDARD = gnu11;
				GCC_NO_COMMON_BLOCKS = YES;
				GCC_WARN_64_TO_32_BIT_CONVERSION = YES;
				GCC_WARN_ABOUT_RETURN_TYPE = YES_ERROR;
				GCC_WARN_UNDECLARED_SELECTOR = YES;
				GCC_WARN_UNINITIALIZED_AUTOS = YES_AGGRESSIVE;
				GCC_WARN_UNUSED_FUNCTION = YES;
				GCC_WARN_UNUSED_VARIABLE = YES;
				IPHONEOS_DEPLOYMENT_TARGET = 14.2;
				MTL_ENABLE_DEBUG_INFO = NO;
				MTL_FAST_MATH = YES;
				SDKROOT = iphoneos;
				SWIFT_COMPILATION_MODE = wholemodule;
				SWIFT_OPTIMIZATION_LEVEL = "-O";
				VALIDATE_PRODUCT = YES;
			};
			name = Release;
		};
		177A81A0257D32CD002C307D /* Debug */ = {
			isa = XCBuildConfiguration;
			buildSettings = {
				ASSETCATALOG_COMPILER_APPICON_NAME = AppIcon;
				ASSETCATALOG_COMPILER_GLOBAL_ACCENT_COLOR_NAME = AccentColor;
				CODE_SIGN_STYLE = Automatic;
				INFOPLIST_FILE = navigationcontroler_App/Info.plist;
				LD_RUNPATH_SEARCH_PATHS = (
					"$(inherited)",
					"@executable_path/Frameworks",
				);
				PRODUCT_BUNDLE_IDENTIFIER = "com.angeloplacebo.navigationcontroler-App";
				PRODUCT_NAME = "$(TARGET_NAME)";
				SWIFT_VERSION = 5.0;
				TARGETED_DEVICE_FAMILY = "1,2";
			};
			name = Debug;
		};
		177A81A1257D32CD002C307D /* Release */ = {
			isa = XCBuildConfiguration;
			buildSettings = {
				ASSETCATALOG_COMPILER_APPICON_NAME = AppIcon;
				ASSETCATALOG_COMPILER_GLOBAL_ACCENT_COLOR_NAME = AccentColor;
				CODE_SIGN_STYLE = Automatic;
				INFOPLIST_FILE = navigationcontroler_App/Info.plist;
				LD_RUNPATH_SEARCH_PATHS = (
					"$(inherited)",
					"@executable_path/Frameworks",
				);
				PRODUCT_BUNDLE_IDENTIFIER = "com.angeloplacebo.navigationcontroler-App";
				PRODUCT_NAME = "$(TARGET_NAME)";
				SWIFT_VERSION = 5.0;
				TARGETED_DEVICE_FAMILY = "1,2";
			};
			name = Release;
		};
/* End XCBuildConfiguration section */

/* Begin XCConfigurationList section */
		177A8186257D32CC002C307D /* Build configuration list for PBXProject "navigationcontroler_App" */ = {
			isa = XCConfigurationList;
			buildConfigurations = (
				177A819D257D32CD002C307D /* Debug */,
				177A819E257D32CD002C307D /* Release */,
			);
			defaultConfigurationIsVisible = 0;
			defaultConfigurationName = Release;
		};
		177A819F257D32CD002C307D /* Build configuration list for PBXNativeTarget "navigationcontroler_App" */ = {
			isa = XCConfigurationList;
			buildConfigurations = (
				177A81A0257D32CD002C307D /* Debug */,
				177A81A1257D32CD002C307D /* Release */,
			);
			defaultConfigurationIsVisible = 0;
			defaultConfigurationName = Release;
		};
/* End XCConfigurationList section */
	};
	rootObject = 177A8183257D32CC002C307D /* Project object */;
}
